// !$*UTF8*$!
{
	archiveVersion = 1;
	classes = {
	};
	objectVersion = 55;
	objects = {

/* Begin PBXBuildFile section */
		C374D5B12879C55A007150BC /* Tests_iOS.swift in Sources */ = {isa = PBXBuildFile; fileRef = C374D5B02879C55A007150BC /* Tests_iOS.swift */; };
		C374D5B32879C55A007150BC /* Tests_iOSLaunchTests.swift in Sources */ = {isa = PBXBuildFile; fileRef = C374D5B22879C55A007150BC /* Tests_iOSLaunchTests.swift */; };
		C374D5BD2879C55A007150BC /* Tests_macOS.swift in Sources */ = {isa = PBXBuildFile; fileRef = C374D5BC2879C55A007150BC /* Tests_macOS.swift */; };
		C374D5BF2879C55A007150BC /* Tests_macOSLaunchTests.swift in Sources */ = {isa = PBXBuildFile; fileRef = C374D5BE2879C55A007150BC /* Tests_macOSLaunchTests.swift */; };
		C374D5C02879C55A007150BC /* ConcentrationCalculatorApp.swift in Sources */ = {isa = PBXBuildFile; fileRef = C374D5982879C556007150BC /* ConcentrationCalculatorApp.swift */; };
		C374D5C12879C55A007150BC /* ConcentrationCalculatorApp.swift in Sources */ = {isa = PBXBuildFile; fileRef = C374D5982879C556007150BC /* ConcentrationCalculatorApp.swift */; };
		C374D5C22879C55A007150BC /* ContentView.swift in Sources */ = {isa = PBXBuildFile; fileRef = C374D5992879C556007150BC /* ContentView.swift */; };
		C374D5C32879C55A007150BC /* ContentView.swift in Sources */ = {isa = PBXBuildFile; fileRef = C374D5992879C556007150BC /* ContentView.swift */; };
		C374D5C42879C55A007150BC /* Assets.xcassets in Resources */ = {isa = PBXBuildFile; fileRef = C374D59A2879C55A007150BC /* Assets.xcassets */; };
		C374D5C52879C55A007150BC /* Assets.xcassets in Resources */ = {isa = PBXBuildFile; fileRef = C374D59A2879C55A007150BC /* Assets.xcassets */; };
/* End PBXBuildFile section */

/* Begin PBXContainerItemProxy section */
		C374D5AD2879C55A007150BC /* PBXContainerItemProxy */ = {
			isa = PBXContainerItemProxy;
			containerPortal = C374D5932879C556007150BC /* Project object */;
			proxyType = 1;
			remoteGlobalIDString = C374D59E2879C55A007150BC;
			remoteInfo = "ConcentrationCalculator (iOS)";
		};
		C374D5B92879C55A007150BC /* PBXContainerItemProxy */ = {
			isa = PBXContainerItemProxy;
			containerPortal = C374D5932879C556007150BC /* Project object */;
			proxyType = 1;
			remoteGlobalIDString = C374D5A42879C55A007150BC;
			remoteInfo = "ConcentrationCalculator (macOS)";
		};
/* End PBXContainerItemProxy section */

/* Begin PBXFileReference section */
		C374D5982879C556007150BC /* ConcentrationCalculatorApp.swift */ = {isa = PBXFileReference; lastKnownFileType = sourcecode.swift; path = ConcentrationCalculatorApp.swift; sourceTree = "<group>"; };
		C374D5992879C556007150BC /* ContentView.swift */ = {isa = PBXFileReference; lastKnownFileType = sourcecode.swift; path = ContentView.swift; sourceTree = "<group>"; };
		C374D59A2879C55A007150BC /* Assets.xcassets */ = {isa = PBXFileReference; lastKnownFileType = folder.assetcatalog; path = Assets.xcassets; sourceTree = "<group>"; };
		C374D59F2879C55A007150BC /* ConcentrationCalculator.app */ = {isa = PBXFileReference; explicitFileType = wrapper.application; includeInIndex = 0; path = ConcentrationCalculator.app; sourceTree = BUILT_PRODUCTS_DIR; };
		C374D5A52879C55A007150BC /* ConcentrationCalculator.app */ = {isa = PBXFileReference; explicitFileType = wrapper.application; includeInIndex = 0; path = ConcentrationCalculator.app; sourceTree = BUILT_PRODUCTS_DIR; };
		C374D5A72879C55A007150BC /* macOS.entitlements */ = {isa = PBXFileReference; lastKnownFileType = text.plist.entitlements; path = macOS.entitlements; sourceTree = "<group>"; };
		C374D5AC2879C55A007150BC /* Tests iOS.xctest */ = {isa = PBXFileReference; explicitFileType = wrapper.cfbundle; includeInIndex = 0; path = "Tests iOS.xctest"; sourceTree = BUILT_PRODUCTS_DIR; };
		C374D5B02879C55A007150BC /* Tests_iOS.swift */ = {isa = PBXFileReference; lastKnownFileType = sourcecode.swift; path = Tests_iOS.swift; sourceTree = "<group>"; };
		C374D5B22879C55A007150BC /* Tests_iOSLaunchTests.swift */ = {isa = PBXFileReference; lastKnownFileType = sourcecode.swift; path = Tests_iOSLaunchTests.swift; sourceTree = "<group>"; };
		C374D5B82879C55A007150BC /* Tests macOS.xctest */ = {isa = PBXFileReference; explicitFileType = wrapper.cfbundle; includeInIndex = 0; path = "Tests macOS.xctest"; sourceTree = BUILT_PRODUCTS_DIR; };
		C374D5BC2879C55A007150BC /* Tests_macOS.swift */ = {isa = PBXFileReference; lastKnownFileType = sourcecode.swift; path = Tests_macOS.swift; sourceTree = "<group>"; };
		C374D5BE2879C55A007150BC /* Tests_macOSLaunchTests.swift */ = {isa = PBXFileReference; lastKnownFileType = sourcecode.swift; path = Tests_macOSLaunchTests.swift; sourceTree = "<group>"; };
/* End PBXFileReference section */

/* Begin PBXFrameworksBuildPhase section */
		C374D59C2879C55A007150BC /* Frameworks */ = {
			isa = PBXFrameworksBuildPhase;
			buildActionMask = 2147483647;
			files = (
			);
			runOnlyForDeploymentPostprocessing = 0;
		};
		C374D5A22879C55A007150BC /* Frameworks */ = {
			isa = PBXFrameworksBuildPhase;
			buildActionMask = 2147483647;
			files = (
			);
			runOnlyForDeploymentPostprocessing = 0;
		};
		C374D5A92879C55A007150BC /* Frameworks */ = {
			isa = PBXFrameworksBuildPhase;
			buildActionMask = 2147483647;
			files = (
			);
			runOnlyForDeploymentPostprocessing = 0;
		};
		C374D5B52879C55A007150BC /* Frameworks */ = {
			isa = PBXFrameworksBuildPhase;
			buildActionMask = 2147483647;
			files = (
			);
			runOnlyForDeploymentPostprocessing = 0;
		};
/* End PBXFrameworksBuildPhase section */

/* Begin PBXGroup section */
		C374D5922879C556007150BC = {
			isa = PBXGroup;
			children = (
				C374D5972879C556007150BC /* Shared */,
				C374D5A62879C55A007150BC /* macOS */,
				C374D5AF2879C55A007150BC /* Tests iOS */,
				C374D5BB2879C55A007150BC /* Tests macOS */,
				C374D5A02879C55A007150BC /* Products */,
			);
			sourceTree = "<group>";
		};
		C374D5972879C556007150BC /* Shared */ = {
			isa = PBXGroup;
			children = (
				C374D5982879C556007150BC /* ConcentrationCalculatorApp.swift */,
				C374D5992879C556007150BC /* ContentView.swift */,
				C374D59A2879C55A007150BC /* Assets.xcassets */,
			);
			path = Shared;
			sourceTree = "<group>";
		};
		C374D5A02879C55A007150BC /* Products */ = {
			isa = PBXGroup;
			children = (
				C374D59F2879C55A007150BC /* ConcentrationCalculator.app */,
				C374D5A52879C55A007150BC /* ConcentrationCalculator.app */,
				C374D5AC2879C55A007150BC /* Tests iOS.xctest */,
				C374D5B82879C55A007150BC /* Tests macOS.xctest */,
			);
			name = Products;
			sourceTree = "<group>";
		};
		C374D5A62879C55A007150BC /* macOS */ = {
			isa = PBXGroup;
			children = (
				C374D5A72879C55A007150BC /* macOS.entitlements */,
			);
			path = macOS;
			sourceTree = "<group>";
		};
		C374D5AF2879C55A007150BC /* Tests iOS */ = {
			isa = PBXGroup;
			children = (
				C374D5B02879C55A007150BC /* Tests_iOS.swift */,
				C374D5B22879C55A007150BC /* Tests_iOSLaunchTests.swift */,
			);
			path = "Tests iOS";
			sourceTree = "<group>";
		};
		C374D5BB2879C55A007150BC /* Tests macOS */ = {
			isa = PBXGroup;
			children = (
				C374D5BC2879C55A007150BC /* Tests_macOS.swift */,
				C374D5BE2879C55A007150BC /* Tests_macOSLaunchTests.swift */,
			);
			path = "Tests macOS";
			sourceTree = "<group>";
		};
/* End PBXGroup section */

/* Begin PBXNativeTarget section */
		C374D59E2879C55A007150BC /* ConcentrationCalculator (iOS) */ = {
			isa = PBXNativeTarget;
			buildConfigurationList = C374D5C82879C55A007150BC /* Build configuration list for PBXNativeTarget "ConcentrationCalculator (iOS)" */;
			buildPhases = (
				C374D59B2879C55A007150BC /* Sources */,
				C374D59C2879C55A007150BC /* Frameworks */,
				C374D59D2879C55A007150BC /* Resources */,
			);
			buildRules = (
			);
			dependencies = (
			);
			name = "ConcentrationCalculator (iOS)";
			productName = "ConcentrationCalculator (iOS)";
			productReference = C374D59F2879C55A007150BC /* ConcentrationCalculator.app */;
			productType = "com.apple.product-type.application";
		};
		C374D5A42879C55A007150BC /* ConcentrationCalculator (macOS) */ = {
			isa = PBXNativeTarget;
			buildConfigurationList = C374D5CB2879C55A007150BC /* Build configuration list for PBXNativeTarget "ConcentrationCalculator (macOS)" */;
			buildPhases = (
				C374D5A12879C55A007150BC /* Sources */,
				C374D5A22879C55A007150BC /* Frameworks */,
				C374D5A32879C55A007150BC /* Resources */,
			);
			buildRules = (
			);
			dependencies = (
			);
			name = "ConcentrationCalculator (macOS)";
			productName = "ConcentrationCalculator (macOS)";
			productReference = C374D5A52879C55A007150BC /* ConcentrationCalculator.app */;
			productType = "com.apple.product-type.application";
		};
		C374D5AB2879C55A007150BC /* Tests iOS */ = {
			isa = PBXNativeTarget;
			buildConfigurationList = C374D5CE2879C55A007150BC /* Build configuration list for PBXNativeTarget "Tests iOS" */;
			buildPhases = (
				C374D5A82879C55A007150BC /* Sources */,
				C374D5A92879C55A007150BC /* Frameworks */,
				C374D5AA2879C55A007150BC /* Resources */,
			);
			buildRules = (
			);
			dependencies = (
				C374D5AE2879C55A007150BC /* PBXTargetDependency */,
			);
			name = "Tests iOS";
			productName = "Tests iOS";
			productReference = C374D5AC2879C55A007150BC /* Tests iOS.xctest */;
			productType = "com.apple.product-type.bundle.ui-testing";
		};
		C374D5B72879C55A007150BC /* Tests macOS */ = {
			isa = PBXNativeTarget;
			buildConfigurationList = C374D5D12879C55A007150BC /* Build configuration list for PBXNativeTarget "Tests macOS" */;
			buildPhases = (
				C374D5B42879C55A007150BC /* Sources */,
				C374D5B52879C55A007150BC /* Frameworks */,
				C374D5B62879C55A007150BC /* Resources */,
			);
			buildRules = (
			);
			dependencies = (
				C374D5BA2879C55A007150BC /* PBXTargetDependency */,
			);
			name = "Tests macOS";
			productName = "Tests macOS";
			productReference = C374D5B82879C55A007150BC /* Tests macOS.xctest */;
			productType = "com.apple.product-type.bundle.ui-testing";
		};
/* End PBXNativeTarget section */

/* Begin PBXProject section */
		C374D5932879C556007150BC /* Project object */ = {
			isa = PBXProject;
			attributes = {
				BuildIndependentTargetsInParallel = 1;
				LastSwiftUpdateCheck = 1340;
				LastUpgradeCheck = 1340;
				TargetAttributes = {
					C374D59E2879C55A007150BC = {
						CreatedOnToolsVersion = 13.4.1;
					};
					C374D5A42879C55A007150BC = {
						CreatedOnToolsVersion = 13.4.1;
					};
					C374D5AB2879C55A007150BC = {
						CreatedOnToolsVersion = 13.4.1;
						TestTargetID = C374D59E2879C55A007150BC;
					};
					C374D5B72879C55A007150BC = {
						CreatedOnToolsVersion = 13.4.1;
						TestTargetID = C374D5A42879C55A007150BC;
					};
				};
			};
			buildConfigurationList = C374D5962879C556007150BC /* Build configuration list for PBXProject "ConcentrationCalculator" */;
			compatibilityVersion = "Xcode 13.0";
			developmentRegion = en;
			hasScannedForEncodings = 0;
			knownRegions = (
				en,
				Base,
			);
			mainGroup = C374D5922879C556007150BC;
			productRefGroup = C374D5A02879C55A007150BC /* Products */;
			projectDirPath = "";
			projectRoot = "";
			targets = (
				C374D59E2879C55A007150BC /* ConcentrationCalculator (iOS) */,
				C374D5A42879C55A007150BC /* ConcentrationCalculator (macOS) */,
				C374D5AB2879C55A007150BC /* Tests iOS */,
				C374D5B72879C55A007150BC /* Tests macOS */,
			);
		};
/* End PBXProject section */

/* Begin PBXResourcesBuildPhase section */
		C374D59D2879C55A007150BC /* Resources */ = {
			isa = PBXResourcesBuildPhase;
			buildActionMask = 2147483647;
			files = (
				C374D5C42879C55A007150BC /* Assets.xcassets in Resources */,
			);
			runOnlyForDeploymentPostprocessing = 0;
		};
		C374D5A32879C55A007150BC /* Resources */ = {
			isa = PBXResourcesBuildPhase;
			buildActionMask = 2147483647;
			files = (
				C374D5C52879C55A007150BC /* Assets.xcassets in Resources */,
			);
			runOnlyForDeploymentPostprocessing = 0;
		};
		C374D5AA2879C55A007150BC /* Resources */ = {
			isa = PBXResourcesBuildPhase;
			buildActionMask = 2147483647;
			files = (
			);
			runOnlyForDeploymentPostprocessing = 0;
		};
		C374D5B62879C55A007150BC /* Resources */ = {
			isa = PBXResourcesBuildPhase;
			buildActionMask = 2147483647;
			files = (
			);
			runOnlyForDeploymentPostprocessing = 0;
		};
/* End PBXResourcesBuildPhase section */

/* Begin PBXSourcesBuildPhase section */
		C374D59B2879C55A007150BC /* Sources */ = {
			isa = PBXSourcesBuildPhase;
			buildActionMask = 2147483647;
			files = (
				C374D5C22879C55A007150BC /* ContentView.swift in Sources */,
				C374D5C02879C55A007150BC /* ConcentrationCalculatorApp.swift in Sources */,
			);
			runOnlyForDeploymentPostprocessing = 0;
		};
		C374D5A12879C55A007150BC /* Sources */ = {
			isa = PBXSourcesBuildPhase;
			buildActionMask = 2147483647;
			files = (
				C374D5C32879C55A007150BC /* ContentView.swift in Sources */,
				C374D5C12879C55A007150BC /* ConcentrationCalculatorApp.swift in Sources */,
			);
			runOnlyForDeploymentPostprocessing = 0;
		};
		C374D5A82879C55A007150BC /* Sources */ = {
			isa = PBXSourcesBuildPhase;
			buildActionMask = 2147483647;
			files = (
				C374D5B32879C55A007150BC /* Tests_iOSLaunchTests.swift in Sources */,
				C374D5B12879C55A007150BC /* Tests_iOS.swift in Sources */,
			);
			runOnlyForDeploymentPostprocessing = 0;
		};
		C374D5B42879C55A007150BC /* Sources */ = {
			isa = PBXSourcesBuildPhase;
			buildActionMask = 2147483647;
			files = (
				C374D5BF2879C55A007150BC /* Tests_macOSLaunchTests.swift in Sources */,
				C374D5BD2879C55A007150BC /* Tests_macOS.swift in Sources */,
			);
			runOnlyForDeploymentPostprocessing = 0;
		};
/* End PBXSourcesBuildPhase section */

/* Begin PBXTargetDependency section */
		C374D5AE2879C55A007150BC /* PBXTargetDependency */ = {
			isa = PBXTargetDependency;
			target = C374D59E2879C55A007150BC /* ConcentrationCalculator (iOS) */;
			targetProxy = C374D5AD2879C55A007150BC /* PBXContainerItemProxy */;
		};
		C374D5BA2879C55A007150BC /* PBXTargetDependency */ = {
			isa = PBXTargetDependency;
			target = C374D5A42879C55A007150BC /* ConcentrationCalculator (macOS) */;
			targetProxy = C374D5B92879C55A007150BC /* PBXContainerItemProxy */;
		};
/* End PBXTargetDependency section */

/* Begin XCBuildConfiguration section */
		C374D5C62879C55A007150BC /* Debug */ = {
			isa = XCBuildConfiguration;
			buildSettings = {
				ALWAYS_SEARCH_USER_PATHS = NO;
				CLANG_ANALYZER_NONNULL = YES;
				CLANG_ANALYZER_NUMBER_OBJECT_CONVERSION = YES_AGGRESSIVE;
				CLANG_CXX_LANGUAGE_STANDARD = "gnu++17";
				CLANG_ENABLE_MODULES = YES;
				CLANG_ENABLE_OBJC_ARC = YES;
				CLANG_ENABLE_OBJC_WEAK = YES;
				CLANG_WARN_BLOCK_CAPTURE_AUTORELEASING = YES;
				CLANG_WARN_BOOL_CONVERSION = YES;
				CLANG_WARN_COMMA = YES;
				CLANG_WARN_CONSTANT_CONVERSION = YES;
				CLANG_WARN_DEPRECATED_OBJC_IMPLEMENTATIONS = YES;
				CLANG_WARN_DIRECT_OBJC_ISA_USAGE = YES_ERROR;
				CLANG_WARN_DOCUMENTATION_COMMENTS = YES;
				CLANG_WARN_EMPTY_BODY = YES;
				CLANG_WARN_ENUM_CONVERSION = YES;
				CLANG_WARN_INFINITE_RECURSION = YES;
				CLANG_WARN_INT_CONVERSION = YES;
				CLANG_WARN_NON_LITERAL_NULL_CONVERSION = YES;
				CLANG_WARN_OBJC_IMPLICIT_RETAIN_SELF = YES;
				CLANG_WARN_OBJC_LITERAL_CONVERSION = YES;
				CLANG_WARN_OBJC_ROOT_CLASS = YES_ERROR;
				CLANG_WARN_QUOTED_INCLUDE_IN_FRAMEWORK_HEADER = YES;
				CLANG_WARN_RANGE_LOOP_ANALYSIS = YES;
				CLANG_WARN_STRICT_PROTOTYPES = YES;
				CLANG_WARN_SUSPICIOUS_MOVE = YES;
				CLANG_WARN_UNGUARDED_AVAILABILITY = YES_AGGRESSIVE;
				CLANG_WARN_UNREACHABLE_CODE = YES;
				CLANG_WARN__DUPLICATE_METHOD_MATCH = YES;
				COPY_PHASE_STRIP = NO;
				DEBUG_INFORMATION_FORMAT = dwarf;
				ENABLE_STRICT_OBJC_MSGSEND = YES;
				ENABLE_TESTABILITY = YES;
				GCC_C_LANGUAGE_STANDARD = gnu11;
				GCC_DYNAMIC_NO_PIC = NO;
				GCC_NO_COMMON_BLOCKS = YES;
				GCC_OPTIMIZATION_LEVEL = 0;
				GCC_PREPROCESSOR_DEFINITIONS = (
					"DEBUG=1",
					"$(inherited)",
				);
				GCC_WARN_64_TO_32_BIT_CONVERSION = YES;
				GCC_WARN_ABOUT_RETURN_TYPE = YES_ERROR;
				GCC_WARN_UNDECLARED_SELECTOR = YES;
				GCC_WARN_UNINITIALIZED_AUTOS = YES_AGGRESSIVE;
				GCC_WARN_UNUSED_FUNCTION = YES;
				GCC_WARN_UNUSED_VARIABLE = YES;
				MTL_ENABLE_DEBUG_INFO = INCLUDE_SOURCE;
				MTL_FAST_MATH = YES;
				ONLY_ACTIVE_ARCH = YES;
				SWIFT_ACTIVE_COMPILATION_CONDITIONS = DEBUG;
				SWIFT_OPTIMIZATION_LEVEL = "-Onone";
			};
			name = Debug;
		};
		C374D5C72879C55A007150BC /* Release */ = {
			isa = XCBuildConfiguration;
			buildSettings = {
				ALWAYS_SEARCH_USER_PATHS = NO;
				CLANG_ANALYZER_NONNULL = YES;
				CLANG_ANALYZER_NUMBER_OBJECT_CONVERSION = YES_AGGRESSIVE;
				CLANG_CXX_LANGUAGE_STANDARD = "gnu++17";
				CLANG_ENABLE_MODULES = YES;
				CLANG_ENABLE_OBJC_ARC = YES;
				CLANG_ENABLE_OBJC_WEAK = YES;
				CLANG_WARN_BLOCK_CAPTURE_AUTORELEASING = YES;
				CLANG_WARN_BOOL_CONVERSION = YES;
				CLANG_WARN_COMMA = YES;
				CLANG_WARN_CONSTANT_CONVERSION = YES;
				CLANG_WARN_DEPRECATED_OBJC_IMPLEMENTATIONS = YES;
				CLANG_WARN_DIRECT_OBJC_ISA_USAGE = YES_ERROR;
				CLANG_WARN_DOCUMENTATION_COMMENTS = YES;
				CLANG_WARN_EMPTY_BODY = YES;
				CLANG_WARN_ENUM_CONVERSION = YES;
				CLANG_WARN_INFINITE_RECURSION = YES;
				CLANG_WARN_INT_CONVERSION = YES;
				CLANG_WARN_NON_LITERAL_NULL_CONVERSION = YES;
				CLANG_WARN_OBJC_IMPLICIT_RETAIN_SELF = YES;
				CLANG_WARN_OBJC_LITERAL_CONVERSION = YES;
				CLANG_WARN_OBJC_ROOT_CLASS = YES_ERROR;
				CLANG_WARN_QUOTED_INCLUDE_IN_FRAMEWORK_HEADER = YES;
				CLANG_WARN_RANGE_LOOP_ANALYSIS = YES;
				CLANG_WARN_STRICT_PROTOTYPES = YES;
				CLANG_WARN_SUSPICIOUS_MOVE = YES;
				CLANG_WARN_UNGUARDED_AVAILABILITY = YES_AGGRESSIVE;
				CLANG_WARN_UNREACHABLE_CODE = YES;
				CLANG_WARN__DUPLICATE_METHOD_MATCH = YES;
				COPY_PHASE_STRIP = NO;
				DEBUG_INFORMATION_FORMAT = "dwarf-with-dsym";
				ENABLE_NS_ASSERTIONS = NO;
				ENABLE_STRICT_OBJC_MSGSEND = YES;
				GCC_C_LANGUAGE_STANDARD = gnu11;
				GCC_NO_COMMON_BLOCKS = YES;
				GCC_WARN_64_TO_32_BIT_CONVERSION = YES;
				GCC_WARN_ABOUT_RETURN_TYPE = YES_ERROR;
				GCC_WARN_UNDECLARED_SELECTOR = YES;
				GCC_WARN_UNINITIALIZED_AUTOS = YES_AGGRESSIVE;
				GCC_WARN_UNUSED_FUNCTION = YES;
				GCC_WARN_UNUSED_VARIABLE = YES;
				MTL_ENABLE_DEBUG_INFO = NO;
				MTL_FAST_MATH = YES;
				SWIFT_COMPILATION_MODE = wholemodule;
				SWIFT_OPTIMIZATION_LEVEL = "-O";
			};
			name = Release;
		};
		C374D5C92879C55A007150BC /* Debug */ = {
			isa = XCBuildConfiguration;
			buildSettings = {
				ASSETCATALOG_COMPILER_APPICON_NAME = AppIcon;
				ASSETCATALOG_COMPILER_GLOBAL_ACCENT_COLOR_NAME = AccentColor;
				CODE_SIGN_STYLE = Automatic;
				CURRENT_PROJECT_VERSION = 1;
				DEVELOPMENT_TEAM = DXNM5PPBP4;
				ENABLE_PREVIEWS = YES;
				GENERATE_INFOPLIST_FILE = YES;
				INFOPLIST_KEY_UIApplicationSceneManifest_Generation = YES;
				INFOPLIST_KEY_UIApplicationSupportsIndirectInputEvents = YES;
				INFOPLIST_KEY_UILaunchScreen_Generation = YES;
				INFOPLIST_KEY_UISupportedInterfaceOrientations_iPad = "UIInterfaceOrientationPortrait UIInterfaceOrientationPortraitUpsideDown UIInterfaceOrientationLandscapeLeft UIInterfaceOrientationLandscapeRight";
				INFOPLIST_KEY_UISupportedInterfaceOrientations_iPhone = "UIInterfaceOrientationPortrait UIInterfaceOrientationLandscapeLeft UIInterfaceOrientationLandscapeRight";
				IPHONEOS_DEPLOYMENT_TARGET = 15.5;
				LD_RUNPATH_SEARCH_PATHS = (
					"$(inherited)",
					"@executable_path/Frameworks",
				);
				MARKETING_VERSION = 1.0;
				PRODUCT_BUNDLE_IDENTIFIER = democardla.ConcentrationCalculator;
				PRODUCT_NAME = ConcentrationCalculator;
				SDKROOT = iphoneos;
				SWIFT_EMIT_LOC_STRINGS = YES;
				SWIFT_VERSION = 5.0;
				TARGETED_DEVICE_FAMILY = "1,2";
			};
			name = Debug;
		};
		C374D5CA2879C55A007150BC /* Release */ = {
			isa = XCBuildConfiguration;
			buildSettings = {
				ASSETCATALOG_COMPILER_APPICON_NAME = AppIcon;
				ASSETCATALOG_COMPILER_GLOBAL_ACCENT_COLOR_NAME = AccentColor;
				CODE_SIGN_STYLE = Automatic;
				CURRENT_PROJECT_VERSION = 1;
				DEVELOPMENT_TEAM = DXNM5PPBP4;
				ENABLE_PREVIEWS = YES;
				GENERATE_INFOPLIST_FILE = YES;
				INFOPLIST_KEY_UIApplicationSceneManifest_Generation = YES;
				INFOPLIST_KEY_UIApplicationSupportsIndirectInputEvents = YES;
				INFOPLIST_KEY_UILaunchScreen_Generation = YES;
				INFOPLIST_KEY_UISupportedInterfaceOrientations_iPad = "UIInterfaceOrientationPortrait UIInterfaceOrientationPortraitUpsideDown UIInterfaceOrientationLandscapeLeft UIInterfaceOrientationLandscapeRight";
				INFOPLIST_KEY_UISupportedInterfaceOrientations_iPhone = "UIInterfaceOrientationPortrait UIInterfaceOrientationLandscapeLeft UIInterfaceOrientationLandscapeRight";
				IPHONEOS_DEPLOYMENT_TARGET = 15.5;
				LD_RUNPATH_SEARCH_PATHS = (
					"$(inherited)",
					"@executable_path/Frameworks",
				);
				MARKETING_VERSION = 1.0;
				PRODUCT_BUNDLE_IDENTIFIER = democardla.ConcentrationCalculator;
				PRODUCT_NAME = ConcentrationCalculator;
				SDKROOT = iphoneos;
				SWIFT_EMIT_LOC_STRINGS = YES;
				SWIFT_VERSION = 5.0;
				TARGETED_DEVICE_FAMILY = "1,2";
				VALIDATE_PRODUCT = YES;
			};
			name = Release;
		};
		C374D5CC2879C55A007150BC /* Debug */ = {
			isa = XCBuildConfiguration;
			buildSettings = {
				ASSETCATALOG_COMPILER_APPICON_NAME = AppIcon;
				ASSETCATALOG_COMPILER_GLOBAL_ACCENT_COLOR_NAME = AccentColor;
				CODE_SIGN_ENTITLEMENTS = macOS/macOS.entitlements;
				CODE_SIGN_STYLE = Automatic;
				COMBINE_HIDPI_IMAGES = YES;
				CURRENT_PROJECT_VERSION = 1;
				DEVELOPMENT_TEAM = DXNM5PPBP4;
				ENABLE_HARDENED_RUNTIME = YES;
				ENABLE_PREVIEWS = YES;
				GENERATE_INFOPLIST_FILE = YES;
				INFOPLIST_KEY_NSHumanReadableCopyright = "";
				LD_RUNPATH_SEARCH_PATHS = (
					"$(inherited)",
					"@executable_path/../Frameworks",
				);
				MACOSX_DEPLOYMENT_TARGET = 12.3;
				MARKETING_VERSION = 1.0;
				PRODUCT_BUNDLE_IDENTIFIER = democardla.ConcentrationCalculator;
				PRODUCT_NAME = ConcentrationCalculator;
				SDKROOT = macosx;
				SWIFT_EMIT_LOC_STRINGS = YES;
				SWIFT_VERSION = 5.0;
			};
			name = Debug;
		};
		C374D5CD2879C55A007150BC /* Release */ = {
			isa = XCBuildConfiguration;
			buildSettings = {
				ASSETCATALOG_COMPILER_APPICON_NAME = AppIcon;
				ASSETCATALOG_COMPILER_GLOBAL_ACCENT_COLOR_NAME = AccentColor;
				CODE_SIGN_ENTITLEMENTS = macOS/macOS.entitlements;
				CODE_SIGN_STYLE = Automatic;
				COMBINE_HIDPI_IMAGES = YES;
				CURRENT_PROJECT_VERSION = 1;
				DEVELOPMENT_TEAM = DXNM5PPBP4;
				ENABLE_HARDENED_RUNTIME = YES;
				ENABLE_PREVIEWS = YES;
				GENERATE_INFOPLIST_FILE = YES;
				INFOPLIST_KEY_NSHumanReadableCopyright = "";
				LD_RUNPATH_SEARCH_PATHS = (
					"$(inherited)",
					"@executable_path/../Frameworks",
				);
				MACOSX_DEPLOYMENT_TARGET = 12.3;
				MARKETING_VERSION = 1.0;
				PRODUCT_BUNDLE_IDENTIFIER = democardla.ConcentrationCalculator;
				PRODUCT_NAME = ConcentrationCalculator;
				SDKROOT = macosx;
				SWIFT_EMIT_LOC_STRINGS = YES;
				SWIFT_VERSION = 5.0;
			};
			name = Release;
		};
		C374D5CF2879C55A007150BC /* Debug */ = {
			isa = XCBuildConfiguration;
			buildSettings = {
				ALWAYS_EMBED_SWIFT_STANDARD_LIBRARIES = YES;
				CODE_SIGN_STYLE = Automatic;
				CURRENT_PROJECT_VERSION = 1;
				DEVELOPMENT_TEAM = DXNM5PPBP4;
				GENERATE_INFOPLIST_FILE = YES;
				IPHONEOS_DEPLOYMENT_TARGET = 15.5;
				MARKETING_VERSION = 1.0;
				PRODUCT_BUNDLE_IDENTIFIER = "democardla.Tests-iOS";
				PRODUCT_NAME = "$(TARGET_NAME)";
				SDKROOT = iphoneos;
				SWIFT_EMIT_LOC_STRINGS = NO;
				SWIFT_VERSION = 5.0;
				TARGETED_DEVICE_FAMILY = "1,2";
				TEST_TARGET_NAME = "ConcentrationCalculator (iOS)";
			};
			name = Debug;
		};
		C374D5D02879C55A007150BC /* Release */ = {
			isa = XCBuildConfiguration;
			buildSettings = {
				ALWAYS_EMBED_SWIFT_STANDARD_LIBRARIES = YES;
				CODE_SIGN_STYLE = Automatic;
				CURRENT_PROJECT_VERSION = 1;
				DEVELOPMENT_TEAM = DXNM5PPBP4;
				GENERATE_INFOPLIST_FILE = YES;
				IPHONEOS_DEPLOYMENT_TARGET = 15.5;
				MARKETING_VERSION = 1.0;
				PRODUCT_BUNDLE_IDENTIFIER = "democardla.Tests-iOS";
				PRODUCT_NAME = "$(TARGET_NAME)";
				SDKROOT = iphoneos;
				SWIFT_EMIT_LOC_STRINGS = NO;
				SWIFT_VERSION = 5.0;
				TARGETED_DEVICE_FAMILY = "1,2";
				TEST_TARGET_NAME = "ConcentrationCalculator (iOS)";
				VALIDATE_PRODUCT = YES;
			};
			name = Release;
		};
		C374D5D22879C55A007150BC /* Debug */ = {
			isa = XCBuildConfiguration;
			buildSettings = {
				ALWAYS_EMBED_SWIFT_STANDARD_LIBRARIES = YES;
				CODE_SIGN_STYLE = Automatic;
				CURRENT_PROJECT_VERSION = 1;
				DEVELOPMENT_TEAM = DXNM5PPBP4;
				GENERATE_INFOPLIST_FILE = YES;
				MACOSX_DEPLOYMENT_TARGET = 12.3;
				MARKETING_VERSION = 1.0;
				PRODUCT_BUNDLE_IDENTIFIER = "democardla.Tests-macOS";
				PRODUCT_NAME = "$(TARGET_NAME)";
				SDKROOT = macosx;
				SWIFT_EMIT_LOC_STRINGS = NO;
				SWIFT_VERSION = 5.0;
				TEST_TARGET_NAME = "ConcentrationCalculator (macOS)";
			};
			name = Debug;
		};
		C374D5D32879C55A007150BC /* Release */ = {
			isa = XCBuildConfiguration;
			buildSettings = {
				ALWAYS_EMBED_SWIFT_STANDARD_LIBRARIES = YES;
				CODE_SIGN_STYLE = Automatic;
				CURRENT_PROJECT_VERSION = 1;
				DEVELOPMENT_TEAM = DXNM5PPBP4;
				GENERATE_INFOPLIST_FILE = YES;
				MACOSX_DEPLOYMENT_TARGET = 12.3;
				MARKETING_VERSION = 1.0;
				PRODUCT_BUNDLE_IDENTIFIER = "democardla.Tests-macOS";
				PRODUCT_NAME = "$(TARGET_NAME)";
				SDKROOT = macosx;
				SWIFT_EMIT_LOC_STRINGS = NO;
				SWIFT_VERSION = 5.0;
				TEST_TARGET_NAME = "ConcentrationCalculator (macOS)";
			};
			name = Release;
		};
/* End XCBuildConfiguration section */

/* Begin XCConfigurationList section */
		C374D5962879C556007150BC /* Build configuration list for PBXProject "ConcentrationCalculator" */ = {
			isa = XCConfigurationList;
			buildConfigurations = (
				C374D5C62879C55A007150BC /* Debug */,
				C374D5C72879C55A007150BC /* Release */,
			);
			defaultConfigurationIsVisible = 0;
			defaultConfigurationName = Release;
		};
		C374D5C82879C55A007150BC /* Build configuration list for PBXNativeTarget "ConcentrationCalculator (iOS)" */ = {
			isa = XCConfigurationList;
			buildConfigurations = (
				C374D5C92879C55A007150BC /* Debug */,
				C374D5CA2879C55A007150BC /* Release */,
			);
			defaultConfigurationIsVisible = 0;
			defaultConfigurationName = Release;
		};
		C374D5CB2879C55A007150BC /* Build configuration list for PBXNativeTarget "ConcentrationCalculator (macOS)" */ = {
			isa = XCConfigurationList;
			buildConfigurations = (
				C374D5CC2879C55A007150BC /* Debug */,
				C374D5CD2879C55A007150BC /* Release */,
			);
			defaultConfigurationIsVisible = 0;
			defaultConfigurationName = Release;
		};
		C374D5CE2879C55A007150BC /* Build configuration list for PBXNativeTarget "Tests iOS" */ = {
			isa = XCConfigurationList;
			buildConfigurations = (
				C374D5CF2879C55A007150BC /* Debug */,
				C374D5D02879C55A007150BC /* Release */,
			);
			defaultConfigurationIsVisible = 0;
			defaultConfigurationName = Release;
		};
		C374D5D12879C55A007150BC /* Build configuration list for PBXNativeTarget "Tests macOS" */ = {
			isa = XCConfigurationList;
			buildConfigurations = (
				C374D5D22879C55A007150BC /* Debug */,
				C374D5D32879C55A007150BC /* Release */,
			);
			defaultConfigurationIsVisible = 0;
			defaultConfigurationName = Release;
		};
/* End XCConfigurationList section */
	};
	rootObject = C374D5932879C556007150BC /* Project object */;
}
